lockfileVersion: '9.0'

settings:
  autoInstallPeers: true
  excludeLinksFromLockfile: false

importers:

  .: {}

  packages/export/cjs: {}

  packages/export/cjs_with_esm: {}

  packages/export/esm_module: {}

  packages/export/esm_with_cjs: {}

  packages/use/in_cjs_use_cjs_inner: {}

  packages/use/in_cjs_use_cjs_outer:
    dependencies:
      cjs:
        specifier: workspace:*
        version: link:../../export/cjs
      esm_with_cjs:
        specifier: workspace:*
        version: link:../../export/esm_with_cjs

  packages/use/in_cjs_use_esm_inner:
    dependencies:
      esm:
        specifier: ^3.2.25
        version: 3.2.25

  packages/use/in_cjs_use_esm_outer:
    dependencies:
      cjs_with_esm:
        specifier: workspace:*
        version: link:../../export/cjs_with_esm
      esm_module:
        specifier: workspace:*
        version: link:../../export/esm_module
      esm_with_cjs:
        specifier: workspace:*
        version: link:../../export/esm_with_cjs

  packages/use/in_esm_use_cjs_inner:
    dependencies:
      import-from-esm:
        specifier: ^2.0.0
        version: 2.0.0

  packages/use/in_esm_use_cjs_outer:
    dependencies:
      cjs:
        specifier: workspace:*
        version: link:../../export/cjs

  packages/use/in_esm_use_esm_inner: {}

  packages/use/in_esm_use_esm_outer:
    dependencies:
      cjs_with_esm:
        specifier: workspace:*
        version: link:../../export/cjs_with_esm
      esm_module:
        specifier: workspace:*
        version: link:../../export/esm_module
      esm_with_cjs:
        specifier: workspace:*
        version: link:../../export/esm_with_cjs

packages:

  debug@4.4.0:
    resolution: {integrity: sha512-6WTZ/IxCY/T6BALoZHaE4ctp9xm+Z5kY/pzYaCHRFeyVhojxlrm+46y68HA6hr0TcwEssoxNiDEUJQjfPZ/RYA==}
    engines: {node: '>=6.0'}
    peerDependencies:
      supports-color: '*'
    peerDependenciesMeta:
      supports-color:
        optional: true

  esm@3.2.25:
    resolution: {integrity: sha512-U1suiZ2oDVWv4zPO56S0NcR5QriEahGtdN2OR6FiOG4WJvcjBVFB0qI4+eKoWFH483PKGuLuu6V8Z4T5g63UVA==}
    engines: {node: '>=6'}

  import-from-esm@2.0.0:
    resolution: {integrity: sha512-YVt14UZCgsX1vZQ3gKjkWVdBdHQ6eu3MPU1TBgL1H5orXe2+jWD006WCPPtOuwlQm10NuzOW5WawiF1Q9veW8g==}
    engines: {node: '>=18.20'}

  import-meta-resolve@4.1.0:
    resolution: {integrity: sha512-I6fiaX09Xivtk+THaMfAwnA3MVA5Big1WHF1Dfx9hFuvNIWpXnorlkzhcQf6ehrqQiiZECRt1poOAkPmer3ruw==}

  ms@2.1.3:
    resolution: {integrity: sha512-6FlzubTLZG3J2a/NVCAleEhjzq5oxgHyaCU9yYXvcLsvoVaHJq/s5xXI6/XXP6tz7R9xAOtHnSO/tXtF3WRTlA==}

snapshots:

  debug@4.4.0:
    dependencies:
      ms: 2.1.3

  esm@3.2.25: {}

  import-from-esm@2.0.0:
    dependencies:
      debug: 4.4.0
      import-meta-resolve: 4.1.0
    transitivePeerDependencies:
      - supports-color

  import-meta-resolve@4.1.0: {}

  ms@2.1.3: {}
